// !$*UTF8*$!
{
	archiveVersion = 1;
	classes = {
	};
	objectVersion = 51;
	objects = {

/* Begin PBXBuildFile section */
		01BD4E283421BA352AF6E4C8 /* Pods_NextappTechTaskTests.framework in Frameworks */ = {isa = PBXBuildFile; fileRef = C9B51FA783DC62E085911E40 /* Pods_NextappTechTaskTests.framework */; };
		34D7FAB78393F410039D4B37 /* Pods_NextappTechTask.framework in Frameworks */ = {isa = PBXBuildFile; fileRef = 1871069095A726BFB890CEED /* Pods_NextappTechTask.framework */; };
		D445B88625168239002EF638 /* TransitionHandler.swift in Sources */ = {isa = PBXBuildFile; fileRef = D445B88525168239002EF638 /* TransitionHandler.swift */; };
		D445B88B25168254002EF638 /* Navigator.swift in Sources */ = {isa = PBXBuildFile; fileRef = D445B88A25168254002EF638 /* Navigator.swift */; };
		D445B8912516828B002EF638 /* Resolver.swift in Sources */ = {isa = PBXBuildFile; fileRef = D445B8902516828B002EF638 /* Resolver.swift */; };
		D445B896251682B6002EF638 /* Module.swift in Sources */ = {isa = PBXBuildFile; fileRef = D445B895251682B6002EF638 /* Module.swift */; };
		D445B89B251682CC002EF638 /* AppContainer.swift in Sources */ = {isa = PBXBuildFile; fileRef = D445B89A251682CC002EF638 /* AppContainer.swift */; };
		D445B8A0251682F0002EF638 /* BaseViewController.swift in Sources */ = {isa = PBXBuildFile; fileRef = D445B89F251682F0002EF638 /* BaseViewController.swift */; };
		D445B8A525168307002EF638 /* NavigationController.swift in Sources */ = {isa = PBXBuildFile; fileRef = D445B8A425168307002EF638 /* NavigationController.swift */; };
		D445B8AA25168322002EF638 /* ProgressHud.swift in Sources */ = {isa = PBXBuildFile; fileRef = D445B8A925168322002EF638 /* ProgressHud.swift */; };
		D445B8AF2516835D002EF638 /* BaseApi.swift in Sources */ = {isa = PBXBuildFile; fileRef = D445B8AE2516835D002EF638 /* BaseApi.swift */; };
		D445B8B425168376002EF638 /* Deseriazable.swift in Sources */ = {isa = PBXBuildFile; fileRef = D445B8B325168376002EF638 /* Deseriazable.swift */; };
		D445B8B925168392002EF638 /* ApiGateway.swift in Sources */ = {isa = PBXBuildFile; fileRef = D445B8B825168392002EF638 /* ApiGateway.swift */; };
		D445B8BE251683B1002EF638 /* ApiEndPoint.swift in Sources */ = {isa = PBXBuildFile; fileRef = D445B8BD251683B1002EF638 /* ApiEndPoint.swift */; };
		D445B8C3251683D5002EF638 /* ErrorEntity.swift in Sources */ = {isa = PBXBuildFile; fileRef = D445B8C2251683D5002EF638 /* ErrorEntity.swift */; };
		D445B8C8251683F9002EF638 /* ApiProvider.swift in Sources */ = {isa = PBXBuildFile; fileRef = D445B8C7251683F9002EF638 /* ApiProvider.swift */; };
		D445B8CD25168627002EF638 /* HudStatus.swift in Sources */ = {isa = PBXBuildFile; fileRef = D445B8CC25168627002EF638 /* HudStatus.swift */; };
		D445B8D22516869E002EF638 /* ApiEvent+Rx.swift in Sources */ = {isa = PBXBuildFile; fileRef = D445B8D12516869E002EF638 /* ApiEvent+Rx.swift */; };
		D445B8D725168706002EF638 /* Rx.swift in Sources */ = {isa = PBXBuildFile; fileRef = D445B8D625168706002EF638 /* Rx.swift */; };
		D445B8DC25168720002EF638 /* UIViewController+UI.swift in Sources */ = {isa = PBXBuildFile; fileRef = D445B8DB25168720002EF638 /* UIViewController+UI.swift */; };
		D445B8E125168796002EF638 /* ProgressHud+Rx.swift in Sources */ = {isa = PBXBuildFile; fileRef = D445B8E025168796002EF638 /* ProgressHud+Rx.swift */; };
		D445B8E6251687BD002EF638 /* SDWebImage+Rx.swift in Sources */ = {isa = PBXBuildFile; fileRef = D445B8E5251687BD002EF638 /* SDWebImage+Rx.swift */; };
		D445B8EB25169014002EF638 /* ReusableKit.swift in Sources */ = {isa = PBXBuildFile; fileRef = D445B8EA25169014002EF638 /* ReusableKit.swift */; };
		D445B8F02516904C002EF638 /* RootAssembler.swift in Sources */ = {isa = PBXBuildFile; fileRef = D445B8EF2516904C002EF638 /* RootAssembler.swift */; };
		D445B8F62516908F002EF638 /* AppModule.swift in Sources */ = {isa = PBXBuildFile; fileRef = D445B8F52516908F002EF638 /* AppModule.swift */; };
		D445B8FC251690B5002EF638 /* AppRouter.swift in Sources */ = {isa = PBXBuildFile; fileRef = D445B8FB251690B5002EF638 /* AppRouter.swift */; };
		D445B901251690D6002EF638 /* AppRouter+TransitionHandler.swift in Sources */ = {isa = PBXBuildFile; fileRef = D445B900251690D6002EF638 /* AppRouter+TransitionHandler.swift */; };
		D445B906251690F0002EF638 /* AppRouter+Show.swift in Sources */ = {isa = PBXBuildFile; fileRef = D445B905251690F0002EF638 /* AppRouter+Show.swift */; };
		D445B90B25169116002EF638 /* AppRouterOptions.swift in Sources */ = {isa = PBXBuildFile; fileRef = D445B90A25169116002EF638 /* AppRouterOptions.swift */; };
		D445B9102516912C002EF638 /* AppRouterAssembly.swift in Sources */ = {isa = PBXBuildFile; fileRef = D445B90F2516912C002EF638 /* AppRouterAssembly.swift */; };
		D445B91C251691DD002EF638 /* FeedModule.swift in Sources */ = {isa = PBXBuildFile; fileRef = D445B91B251691DD002EF638 /* FeedModule.swift */; };
		D445B924251691E8002EF638 /* FeedModuleAssembly.swift in Sources */ = {isa = PBXBuildFile; fileRef = D445B923251691E8002EF638 /* FeedModuleAssembly.swift */; };
		D445B929251691F4002EF638 /* FeedService.swift in Sources */ = {isa = PBXBuildFile; fileRef = D445B928251691F4002EF638 /* FeedService.swift */; };
		D445B92E25169200002EF638 /* FeedRouter.swift in Sources */ = {isa = PBXBuildFile; fileRef = D445B92D25169200002EF638 /* FeedRouter.swift */; };
		D445B9332516920E002EF638 /* FeedViewModel.swift in Sources */ = {isa = PBXBuildFile; fileRef = D445B9322516920E002EF638 /* FeedViewModel.swift */; };
		D445B93925169228002EF638 /* FeedViewController.swift in Sources */ = {isa = PBXBuildFile; fileRef = D445B93725169228002EF638 /* FeedViewController.swift */; };
		D445B93A25169228002EF638 /* FeedViewController.xib in Resources */ = {isa = PBXBuildFile; fileRef = D445B93825169228002EF638 /* FeedViewController.xib */; };
		D445B94025169240002EF638 /* PreviewViewController.swift in Sources */ = {isa = PBXBuildFile; fileRef = D445B93E25169240002EF638 /* PreviewViewController.swift */; };
		D445B94125169240002EF638 /* PreviewViewController.xib in Resources */ = {isa = PBXBuildFile; fileRef = D445B93F25169240002EF638 /* PreviewViewController.xib */; };
		D445B9462516924D002EF638 /* PreviewViewModel.swift in Sources */ = {isa = PBXBuildFile; fileRef = D445B9452516924D002EF638 /* PreviewViewModel.swift */; };
		D445B94B25169E72002EF638 /* FeedViewAssembly.swift in Sources */ = {isa = PBXBuildFile; fileRef = D445B94A25169E72002EF638 /* FeedViewAssembly.swift */; };
		D445B95D2517695C002EF638 /* FeedEntity.swift in Sources */ = {isa = PBXBuildFile; fileRef = D445B95C2517695C002EF638 /* FeedEntity.swift */; };
		D445B96225176AFB002EF638 /* FeedApi.swift in Sources */ = {isa = PBXBuildFile; fileRef = D445B96125176AFB002EF638 /* FeedApi.swift */; };
		D4F2EFBF251659400099DCCA /* AppDelegate.swift in Sources */ = {isa = PBXBuildFile; fileRef = D4F2EFBE251659400099DCCA /* AppDelegate.swift */; };
		D4F2EFC1251659400099DCCA /* SceneDelegate.swift in Sources */ = {isa = PBXBuildFile; fileRef = D4F2EFC0251659400099DCCA /* SceneDelegate.swift */; };
		D4F2EFC82516594A0099DCCA /* Assets.xcassets in Resources */ = {isa = PBXBuildFile; fileRef = D4F2EFC72516594A0099DCCA /* Assets.xcassets */; };
		D4F2EFCB2516594A0099DCCA /* LaunchScreen.storyboard in Resources */ = {isa = PBXBuildFile; fileRef = D4F2EFC92516594A0099DCCA /* LaunchScreen.storyboard */; };
		D4F2EFD62516594B0099DCCA /* NextappTechTaskTests.swift in Sources */ = {isa = PBXBuildFile; fileRef = D4F2EFD52516594B0099DCCA /* NextappTechTaskTests.swift */; };
		D4F2EFE12516594B0099DCCA /* NextappTechTaskUITests.swift in Sources */ = {isa = PBXBuildFile; fileRef = D4F2EFE02516594B0099DCCA /* NextappTechTaskUITests.swift */; };
/* End PBXBuildFile section */

/* Begin PBXContainerItemProxy section */
		D4F2EFD22516594B0099DCCA /* PBXContainerItemProxy */ = {
			isa = PBXContainerItemProxy;
			containerPortal = D4F2EFB32516593F0099DCCA /* Project object */;
			proxyType = 1;
			remoteGlobalIDString = D4F2EFBA251659400099DCCA;
			remoteInfo = NextappTechTask;
		};
		D4F2EFDD2516594B0099DCCA /* PBXContainerItemProxy */ = {
			isa = PBXContainerItemProxy;
			containerPortal = D4F2EFB32516593F0099DCCA /* Project object */;
			proxyType = 1;
			remoteGlobalIDString = D4F2EFBA251659400099DCCA;
			remoteInfo = NextappTechTask;
		};
/* End PBXContainerItemProxy section */

/* Begin PBXFileReference section */
		1871069095A726BFB890CEED /* Pods_NextappTechTask.framework */ = {isa = PBXFileReference; explicitFileType = wrapper.framework; includeInIndex = 0; path = Pods_NextappTechTask.framework; sourceTree = BUILT_PRODUCTS_DIR; };
		662749FFEF599FAC96CCCB74 /* Pods-NextappTechTaskTests.debug.xcconfig */ = {isa = PBXFileReference; includeInIndex = 1; lastKnownFileType = text.xcconfig; name = "Pods-NextappTechTaskTests.debug.xcconfig"; path = "Target Support Files/Pods-NextappTechTaskTests/Pods-NextappTechTaskTests.debug.xcconfig"; sourceTree = "<group>"; };
		B83DD9A35351A18255E78A48 /* Pods-NextappTechTask.debug.xcconfig */ = {isa = PBXFileReference; includeInIndex = 1; lastKnownFileType = text.xcconfig; name = "Pods-NextappTechTask.debug.xcconfig"; path = "Target Support Files/Pods-NextappTechTask/Pods-NextappTechTask.debug.xcconfig"; sourceTree = "<group>"; };
		C9B51FA783DC62E085911E40 /* Pods_NextappTechTaskTests.framework */ = {isa = PBXFileReference; explicitFileType = wrapper.framework; includeInIndex = 0; path = Pods_NextappTechTaskTests.framework; sourceTree = BUILT_PRODUCTS_DIR; };
		D445B88525168239002EF638 /* TransitionHandler.swift */ = {isa = PBXFileReference; lastKnownFileType = sourcecode.swift; path = TransitionHandler.swift; sourceTree = "<group>"; };
		D445B88A25168254002EF638 /* Navigator.swift */ = {isa = PBXFileReference; lastKnownFileType = sourcecode.swift; path = Navigator.swift; sourceTree = "<group>"; };
		D445B8902516828B002EF638 /* Resolver.swift */ = {isa = PBXFileReference; lastKnownFileType = sourcecode.swift; path = Resolver.swift; sourceTree = "<group>"; };
		D445B895251682B6002EF638 /* Module.swift */ = {isa = PBXFileReference; lastKnownFileType = sourcecode.swift; path = Module.swift; sourceTree = "<group>"; };
		D445B89A251682CC002EF638 /* AppContainer.swift */ = {isa = PBXFileReference; lastKnownFileType = sourcecode.swift; path = AppContainer.swift; sourceTree = "<group>"; };
		D445B89F251682F0002EF638 /* BaseViewController.swift */ = {isa = PBXFileReference; lastKnownFileType = sourcecode.swift; path = BaseViewController.swift; sourceTree = "<group>"; };
		D445B8A425168307002EF638 /* NavigationController.swift */ = {isa = PBXFileReference; lastKnownFileType = sourcecode.swift; path = NavigationController.swift; sourceTree = "<group>"; };
		D445B8A925168322002EF638 /* ProgressHud.swift */ = {isa = PBXFileReference; lastKnownFileType = sourcecode.swift; path = ProgressHud.swift; sourceTree = "<group>"; };
		D445B8AE2516835D002EF638 /* BaseApi.swift */ = {isa = PBXFileReference; lastKnownFileType = sourcecode.swift; path = BaseApi.swift; sourceTree = "<group>"; };
		D445B8B325168376002EF638 /* Deseriazable.swift */ = {isa = PBXFileReference; lastKnownFileType = sourcecode.swift; path = Deseriazable.swift; sourceTree = "<group>"; };
		D445B8B825168392002EF638 /* ApiGateway.swift */ = {isa = PBXFileReference; lastKnownFileType = sourcecode.swift; path = ApiGateway.swift; sourceTree = "<group>"; };
		D445B8BD251683B1002EF638 /* ApiEndPoint.swift */ = {isa = PBXFileReference; lastKnownFileType = sourcecode.swift; path = ApiEndPoint.swift; sourceTree = "<group>"; };
		D445B8C2251683D5002EF638 /* ErrorEntity.swift */ = {isa = PBXFileReference; lastKnownFileType = sourcecode.swift; path = ErrorEntity.swift; sourceTree = "<group>"; };
		D445B8C7251683F9002EF638 /* ApiProvider.swift */ = {isa = PBXFileReference; lastKnownFileType = sourcecode.swift; path = ApiProvider.swift; sourceTree = "<group>"; };
		D445B8CC25168627002EF638 /* HudStatus.swift */ = {isa = PBXFileReference; lastKnownFileType = sourcecode.swift; path = HudStatus.swift; sourceTree = "<group>"; };
		D445B8D12516869E002EF638 /* ApiEvent+Rx.swift */ = {isa = PBXFileReference; lastKnownFileType = sourcecode.swift; path = "ApiEvent+Rx.swift"; sourceTree = "<group>"; };
		D445B8D625168706002EF638 /* Rx.swift */ = {isa = PBXFileReference; lastKnownFileType = sourcecode.swift; path = Rx.swift; sourceTree = "<group>"; };
		D445B8DB25168720002EF638 /* UIViewController+UI.swift */ = {isa = PBXFileReference; lastKnownFileType = sourcecode.swift; path = "UIViewController+UI.swift"; sourceTree = "<group>"; };
		D445B8E025168796002EF638 /* ProgressHud+Rx.swift */ = {isa = PBXFileReference; lastKnownFileType = sourcecode.swift; path = "ProgressHud+Rx.swift"; sourceTree = "<group>"; };
		D445B8E5251687BD002EF638 /* SDWebImage+Rx.swift */ = {isa = PBXFileReference; lastKnownFileType = sourcecode.swift; path = "SDWebImage+Rx.swift"; sourceTree = "<group>"; };
		D445B8EA25169014002EF638 /* ReusableKit.swift */ = {isa = PBXFileReference; lastKnownFileType = sourcecode.swift; path = ReusableKit.swift; sourceTree = "<group>"; };
		D445B8EF2516904C002EF638 /* RootAssembler.swift */ = {isa = PBXFileReference; lastKnownFileType = sourcecode.swift; path = RootAssembler.swift; sourceTree = "<group>"; };
		D445B8F52516908F002EF638 /* AppModule.swift */ = {isa = PBXFileReference; lastKnownFileType = sourcecode.swift; path = AppModule.swift; sourceTree = "<group>"; };
		D445B8FB251690B5002EF638 /* AppRouter.swift */ = {isa = PBXFileReference; lastKnownFileType = sourcecode.swift; path = AppRouter.swift; sourceTree = "<group>"; };
		D445B900251690D6002EF638 /* AppRouter+TransitionHandler.swift */ = {isa = PBXFileReference; lastKnownFileType = sourcecode.swift; path = "AppRouter+TransitionHandler.swift"; sourceTree = "<group>"; };
		D445B905251690F0002EF638 /* AppRouter+Show.swift */ = {isa = PBXFileReference; lastKnownFileType = sourcecode.swift; path = "AppRouter+Show.swift"; sourceTree = "<group>"; };
		D445B90A25169116002EF638 /* AppRouterOptions.swift */ = {isa = PBXFileReference; lastKnownFileType = sourcecode.swift; path = AppRouterOptions.swift; sourceTree = "<group>"; };
		D445B90F2516912C002EF638 /* AppRouterAssembly.swift */ = {isa = PBXFileReference; lastKnownFileType = sourcecode.swift; path = AppRouterAssembly.swift; sourceTree = "<group>"; };
		D445B91B251691DD002EF638 /* FeedModule.swift */ = {isa = PBXFileReference; lastKnownFileType = sourcecode.swift; path = FeedModule.swift; sourceTree = "<group>"; };
		D445B923251691E8002EF638 /* FeedModuleAssembly.swift */ = {isa = PBXFileReference; lastKnownFileType = sourcecode.swift; path = FeedModuleAssembly.swift; sourceTree = "<group>"; };
		D445B928251691F4002EF638 /* FeedService.swift */ = {isa = PBXFileReference; lastKnownFileType = sourcecode.swift; path = FeedService.swift; sourceTree = "<group>"; };
		D445B92D25169200002EF638 /* FeedRouter.swift */ = {isa = PBXFileReference; lastKnownFileType = sourcecode.swift; path = FeedRouter.swift; sourceTree = "<group>"; };
		D445B9322516920E002EF638 /* FeedViewModel.swift */ = {isa = PBXFileReference; lastKnownFileType = sourcecode.swift; path = FeedViewModel.swift; sourceTree = "<group>"; };
		D445B93725169228002EF638 /* FeedViewController.swift */ = {isa = PBXFileReference; lastKnownFileType = sourcecode.swift; path = FeedViewController.swift; sourceTree = "<group>"; };
		D445B93825169228002EF638 /* FeedViewController.xib */ = {isa = PBXFileReference; lastKnownFileType = file.xib; path = FeedViewController.xib; sourceTree = "<group>"; };
		D445B93E25169240002EF638 /* PreviewViewController.swift */ = {isa = PBXFileReference; lastKnownFileType = sourcecode.swift; path = PreviewViewController.swift; sourceTree = "<group>"; };
		D445B93F25169240002EF638 /* PreviewViewController.xib */ = {isa = PBXFileReference; lastKnownFileType = file.xib; path = PreviewViewController.xib; sourceTree = "<group>"; };
		D445B9452516924D002EF638 /* PreviewViewModel.swift */ = {isa = PBXFileReference; lastKnownFileType = sourcecode.swift; path = PreviewViewModel.swift; sourceTree = "<group>"; };
		D445B94A25169E72002EF638 /* FeedViewAssembly.swift */ = {isa = PBXFileReference; lastKnownFileType = sourcecode.swift; path = FeedViewAssembly.swift; sourceTree = "<group>"; };
		D445B95C2517695C002EF638 /* FeedEntity.swift */ = {isa = PBXFileReference; lastKnownFileType = sourcecode.swift; path = FeedEntity.swift; sourceTree = "<group>"; };
		D445B96125176AFB002EF638 /* FeedApi.swift */ = {isa = PBXFileReference; lastKnownFileType = sourcecode.swift; path = FeedApi.swift; sourceTree = "<group>"; };
		D4F2EFBB251659400099DCCA /* NextappTechTask.app */ = {isa = PBXFileReference; explicitFileType = wrapper.application; includeInIndex = 0; path = NextappTechTask.app; sourceTree = BUILT_PRODUCTS_DIR; };
		D4F2EFBE251659400099DCCA /* AppDelegate.swift */ = {isa = PBXFileReference; lastKnownFileType = sourcecode.swift; path = AppDelegate.swift; sourceTree = "<group>"; };
		D4F2EFC0251659400099DCCA /* SceneDelegate.swift */ = {isa = PBXFileReference; lastKnownFileType = sourcecode.swift; path = SceneDelegate.swift; sourceTree = "<group>"; };
		D4F2EFC72516594A0099DCCA /* Assets.xcassets */ = {isa = PBXFileReference; lastKnownFileType = folder.assetcatalog; path = Assets.xcassets; sourceTree = "<group>"; };
		D4F2EFCA2516594A0099DCCA /* Base */ = {isa = PBXFileReference; lastKnownFileType = file.storyboard; name = Base; path = Base.lproj/LaunchScreen.storyboard; sourceTree = "<group>"; };
		D4F2EFCC2516594A0099DCCA /* Info.plist */ = {isa = PBXFileReference; lastKnownFileType = text.plist.xml; path = Info.plist; sourceTree = "<group>"; };
		D4F2EFD12516594B0099DCCA /* NextappTechTaskTests.xctest */ = {isa = PBXFileReference; explicitFileType = wrapper.cfbundle; includeInIndex = 0; path = NextappTechTaskTests.xctest; sourceTree = BUILT_PRODUCTS_DIR; };
		D4F2EFD52516594B0099DCCA /* NextappTechTaskTests.swift */ = {isa = PBXFileReference; lastKnownFileType = sourcecode.swift; path = NextappTechTaskTests.swift; sourceTree = "<group>"; };
		D4F2EFD72516594B0099DCCA /* Info.plist */ = {isa = PBXFileReference; lastKnownFileType = text.plist.xml; path = Info.plist; sourceTree = "<group>"; };
		D4F2EFDC2516594B0099DCCA /* NextappTechTaskUITests.xctest */ = {isa = PBXFileReference; explicitFileType = wrapper.cfbundle; includeInIndex = 0; path = NextappTechTaskUITests.xctest; sourceTree = BUILT_PRODUCTS_DIR; };
		D4F2EFE02516594B0099DCCA /* NextappTechTaskUITests.swift */ = {isa = PBXFileReference; lastKnownFileType = sourcecode.swift; path = NextappTechTaskUITests.swift; sourceTree = "<group>"; };
		D4F2EFE22516594B0099DCCA /* Info.plist */ = {isa = PBXFileReference; lastKnownFileType = text.plist.xml; path = Info.plist; sourceTree = "<group>"; };
		DC85B83044D8410DD23ADDF2 /* Pods-NextappTechTask.release.xcconfig */ = {isa = PBXFileReference; includeInIndex = 1; lastKnownFileType = text.xcconfig; name = "Pods-NextappTechTask.release.xcconfig"; path = "Target Support Files/Pods-NextappTechTask/Pods-NextappTechTask.release.xcconfig"; sourceTree = "<group>"; };
		DEE23D5BF5EEA4B48256CD50 /* Pods-NextappTechTaskTests.release.xcconfig */ = {isa = PBXFileReference; includeInIndex = 1; lastKnownFileType = text.xcconfig; name = "Pods-NextappTechTaskTests.release.xcconfig"; path = "Target Support Files/Pods-NextappTechTaskTests/Pods-NextappTechTaskTests.release.xcconfig"; sourceTree = "<group>"; };
/* End PBXFileReference section */

/* Begin PBXFrameworksBuildPhase section */
		D4F2EFB8251659400099DCCA /* Frameworks */ = {
			isa = PBXFrameworksBuildPhase;
			buildActionMask = 2147483647;
			files = (
				34D7FAB78393F410039D4B37 /* Pods_NextappTechTask.framework in Frameworks */,
			);
			runOnlyForDeploymentPostprocessing = 0;
		};
		D4F2EFCE2516594B0099DCCA /* Frameworks */ = {
			isa = PBXFrameworksBuildPhase;
			buildActionMask = 2147483647;
			files = (
				01BD4E283421BA352AF6E4C8 /* Pods_NextappTechTaskTests.framework in Frameworks */,
			);
			runOnlyForDeploymentPostprocessing = 0;
		};
		D4F2EFD92516594B0099DCCA /* Frameworks */ = {
			isa = PBXFrameworksBuildPhase;
			buildActionMask = 2147483647;
			files = (
			);
			runOnlyForDeploymentPostprocessing = 0;
		};
/* End PBXFrameworksBuildPhase section */

/* Begin PBXGroup section */
		551C115EF4E476FADCD467F8 /* Frameworks */ = {
			isa = PBXGroup;
			children = (
				1871069095A726BFB890CEED /* Pods_NextappTechTask.framework */,
				C9B51FA783DC62E085911E40 /* Pods_NextappTechTaskTests.framework */,
			);
			name = Frameworks;
			sourceTree = "<group>";
		};
		C900C6321BAC7301C926E49C /* Pods */ = {
			isa = PBXGroup;
			children = (
				B83DD9A35351A18255E78A48 /* Pods-NextappTechTask.debug.xcconfig */,
				DC85B83044D8410DD23ADDF2 /* Pods-NextappTechTask.release.xcconfig */,
				662749FFEF599FAC96CCCB74 /* Pods-NextappTechTaskTests.debug.xcconfig */,
				DEE23D5BF5EEA4B48256CD50 /* Pods-NextappTechTaskTests.release.xcconfig */,
			);
			path = Pods;
			sourceTree = "<group>";
		};
		D445B87D251681C5002EF638 /* Components */ = {
			isa = PBXGroup;
			children = (
				D445B88F25168280002EF638 /* DI */,
				D445B880251681F6002EF638 /* Navigation */,
				D445B87F251681EF002EF638 /* API */,
				D445B87E251681E2002EF638 /* UI */,
			);
			path = Components;
			sourceTree = "<group>";
		};
		D445B87E251681E2002EF638 /* UI */ = {
			isa = PBXGroup;
			children = (
				D445B89F251682F0002EF638 /* BaseViewController.swift */,
				D445B8A425168307002EF638 /* NavigationController.swift */,
				D445B8A925168322002EF638 /* ProgressHud.swift */,
			);
			path = UI;
			sourceTree = "<group>";
		};
		D445B87F251681EF002EF638 /* API */ = {
			isa = PBXGroup;
			children = (
				D445B95B25176947002EF638 /* Feed */,
				D445B8AE2516835D002EF638 /* BaseApi.swift */,
				D445B8B325168376002EF638 /* Deseriazable.swift */,
				D445B8B825168392002EF638 /* ApiGateway.swift */,
				D445B8BD251683B1002EF638 /* ApiEndPoint.swift */,
				D445B8C2251683D5002EF638 /* ErrorEntity.swift */,
				D445B8C7251683F9002EF638 /* ApiProvider.swift */,
				D445B8CC25168627002EF638 /* HudStatus.swift */,
			);
			path = API;
			sourceTree = "<group>";
		};
		D445B880251681F6002EF638 /* Navigation */ = {
			isa = PBXGroup;
			children = (
				D445B88525168239002EF638 /* TransitionHandler.swift */,
				D445B88A25168254002EF638 /* Navigator.swift */,
			);
			path = Navigation;
			sourceTree = "<group>";
		};
		D445B881251681FF002EF638 /* Extensions */ = {
			isa = PBXGroup;
			children = (
				D445B8832516820F002EF638 /* UI */,
				D445B88225168208002EF638 /* Rx */,
			);
			path = Extensions;
			sourceTree = "<group>";
		};
		D445B88225168208002EF638 /* Rx */ = {
			isa = PBXGroup;
			children = (
				D445B8D12516869E002EF638 /* ApiEvent+Rx.swift */,
				D445B8D625168706002EF638 /* Rx.swift */,
				D445B8DB25168720002EF638 /* UIViewController+UI.swift */,
				D445B8E025168796002EF638 /* ProgressHud+Rx.swift */,
				D445B8E5251687BD002EF638 /* SDWebImage+Rx.swift */,
			);
			path = Rx;
			sourceTree = "<group>";
		};
		D445B8832516820F002EF638 /* UI */ = {
			isa = PBXGroup;
			children = (
				D445B8EA25169014002EF638 /* ReusableKit.swift */,
			);
			path = UI;
			sourceTree = "<group>";
		};
		D445B8842516821C002EF638 /* Modules */ = {
			isa = PBXGroup;
			children = (
				D445B9142516917E002EF638 /* FeedModule */,
				D445B8F425169069002EF638 /* AppModule */,
				D445B8EF2516904C002EF638 /* RootAssembler.swift */,
			);
			path = Modules;
			sourceTree = "<group>";
		};
		D445B88F25168280002EF638 /* DI */ = {
			isa = PBXGroup;
			children = (
				D445B8902516828B002EF638 /* Resolver.swift */,
				D445B895251682B6002EF638 /* Module.swift */,
				D445B89A251682CC002EF638 /* AppContainer.swift */,
			);
			path = DI;
			sourceTree = "<group>";
		};
		D445B8F425169069002EF638 /* AppModule */ = {
			isa = PBXGroup;
			children = (
				D445B8F52516908F002EF638 /* AppModule.swift */,
				D445B8FA251690A5002EF638 /* Router */,
			);
			path = AppModule;
			sourceTree = "<group>";
		};
		D445B8FA251690A5002EF638 /* Router */ = {
			isa = PBXGroup;
			children = (
				D445B8FB251690B5002EF638 /* AppRouter.swift */,
				D445B900251690D6002EF638 /* AppRouter+TransitionHandler.swift */,
				D445B905251690F0002EF638 /* AppRouter+Show.swift */,
				D445B90A25169116002EF638 /* AppRouterOptions.swift */,
				D445B90F2516912C002EF638 /* AppRouterAssembly.swift */,
			);
			path = Router;
			sourceTree = "<group>";
		};
		D445B9142516917E002EF638 /* FeedModule */ = {
			isa = PBXGroup;
			children = (
				D445B917251691B0002EF638 /* Preview */,
				D445B915251691A2002EF638 /* Feed */,
				D445B91B251691DD002EF638 /* FeedModule.swift */,
				D445B923251691E8002EF638 /* FeedModuleAssembly.swift */,
				D445B928251691F4002EF638 /* FeedService.swift */,
				D445B92D25169200002EF638 /* FeedRouter.swift */,
			);
			path = FeedModule;
			sourceTree = "<group>";
		};
		D445B915251691A2002EF638 /* Feed */ = {
			isa = PBXGroup;
			children = (
				D445B918251691BA002EF638 /* ViewModel */,
				D445B916251691AC002EF638 /* View */,
				D445B94A25169E72002EF638 /* FeedViewAssembly.swift */,
			);
			path = Feed;
			sourceTree = "<group>";
		};
		D445B916251691AC002EF638 /* View */ = {
			isa = PBXGroup;
			children = (
				D445B93725169228002EF638 /* FeedViewController.swift */,
				D445B93825169228002EF638 /* FeedViewController.xib */,
			);
			path = View;
			sourceTree = "<group>";
		};
		D445B917251691B0002EF638 /* Preview */ = {
			isa = PBXGroup;
			children = (
				D445B91A251691CA002EF638 /* ViewModel */,
				D445B919251691C4002EF638 /* View */,
			);
			path = Preview;
			sourceTree = "<group>";
		};
		D445B918251691BA002EF638 /* ViewModel */ = {
			isa = PBXGroup;
			children = (
				D445B9322516920E002EF638 /* FeedViewModel.swift */,
			);
			name = ViewModel;
			sourceTree = "<group>";
		};
		D445B919251691C4002EF638 /* View */ = {
			isa = PBXGroup;
			children = (
				D445B93E25169240002EF638 /* PreviewViewController.swift */,
				D445B93F25169240002EF638 /* PreviewViewController.xib */,
			);
			path = View;
			sourceTree = "<group>";
		};
		D445B91A251691CA002EF638 /* ViewModel */ = {
			isa = PBXGroup;
			children = (
				D445B9452516924D002EF638 /* PreviewViewModel.swift */,
			);
			path = ViewModel;
			sourceTree = "<group>";
		};
		D445B95B25176947002EF638 /* Feed */ = {
			isa = PBXGroup;
			children = (
				D445B95C2517695C002EF638 /* FeedEntity.swift */,
				D445B96125176AFB002EF638 /* FeedApi.swift */,
			);
			path = Feed;
			sourceTree = "<group>";
		};
		D4F2EFB22516593F0099DCCA = {
			isa = PBXGroup;
			children = (
				D4F2EFBD251659400099DCCA /* NextappTechTask */,
				D4F2EFD42516594B0099DCCA /* NextappTechTaskTests */,
				D4F2EFDF2516594B0099DCCA /* NextappTechTaskUITests */,
				D4F2EFBC251659400099DCCA /* Products */,
				C900C6321BAC7301C926E49C /* Pods */,
				551C115EF4E476FADCD467F8 /* Frameworks */,
			);
			sourceTree = "<group>";
		};
		D4F2EFBC251659400099DCCA /* Products */ = {
			isa = PBXGroup;
			children = (
				D4F2EFBB251659400099DCCA /* NextappTechTask.app */,
				D4F2EFD12516594B0099DCCA /* NextappTechTaskTests.xctest */,
				D4F2EFDC2516594B0099DCCA /* NextappTechTaskUITests.xctest */,
			);
			name = Products;
			sourceTree = "<group>";
		};
		D4F2EFBD251659400099DCCA /* NextappTechTask */ = {
			isa = PBXGroup;
			children = (
				D4F2EFBE251659400099DCCA /* AppDelegate.swift */,
				D4F2EFC0251659400099DCCA /* SceneDelegate.swift */,
				D445B8842516821C002EF638 /* Modules */,
				D445B881251681FF002EF638 /* Extensions */,
				D445B87D251681C5002EF638 /* Components */,
				D4F2EFF4251659670099DCCA /* Resources */,
			);
			path = NextappTechTask;
			sourceTree = "<group>";
		};
		D4F2EFD42516594B0099DCCA /* NextappTechTaskTests */ = {
			isa = PBXGroup;
			children = (
				D4F2EFD52516594B0099DCCA /* NextappTechTaskTests.swift */,
				D4F2EFD72516594B0099DCCA /* Info.plist */,
			);
			path = NextappTechTaskTests;
			sourceTree = "<group>";
		};
		D4F2EFDF2516594B0099DCCA /* NextappTechTaskUITests */ = {
			isa = PBXGroup;
			children = (
				D4F2EFE02516594B0099DCCA /* NextappTechTaskUITests.swift */,
				D4F2EFE22516594B0099DCCA /* Info.plist */,
			);
			path = NextappTechTaskUITests;
			sourceTree = "<group>";
		};
		D4F2EFF4251659670099DCCA /* Resources */ = {
			isa = PBXGroup;
			children = (
				D4F2EFC72516594A0099DCCA /* Assets.xcassets */,
				D4F2EFC92516594A0099DCCA /* LaunchScreen.storyboard */,
				D4F2EFCC2516594A0099DCCA /* Info.plist */,
			);
			path = Resources;
			sourceTree = "<group>";
		};
/* End PBXGroup section */

/* Begin PBXNativeTarget section */
		D4F2EFBA251659400099DCCA /* NextappTechTask */ = {
			isa = PBXNativeTarget;
			buildConfigurationList = D4F2EFE52516594B0099DCCA /* Build configuration list for PBXNativeTarget "NextappTechTask" */;
			buildPhases = (
				DC6474A8DAB236E0502A3BBA /* [CP] Check Pods Manifest.lock */,
				D4F2EFB7251659400099DCCA /* Sources */,
				D4F2EFB8251659400099DCCA /* Frameworks */,
				D4F2EFB9251659400099DCCA /* Resources */,
				89455699B00B7D4C314ADCB4 /* [CP] Embed Pods Frameworks */,
			);
			buildRules = (
			);
			dependencies = (
			);
			name = NextappTechTask;
			productName = NextappTechTask;
			productReference = D4F2EFBB251659400099DCCA /* NextappTechTask.app */;
			productType = "com.apple.product-type.application";
		};
		D4F2EFD02516594B0099DCCA /* NextappTechTaskTests */ = {
			isa = PBXNativeTarget;
			buildConfigurationList = D4F2EFE82516594B0099DCCA /* Build configuration list for PBXNativeTarget "NextappTechTaskTests" */;
			buildPhases = (
				471551ACB4733579405ACBB5 /* [CP] Check Pods Manifest.lock */,
				D4F2EFCD2516594B0099DCCA /* Sources */,
				D4F2EFCE2516594B0099DCCA /* Frameworks */,
				D4F2EFCF2516594B0099DCCA /* Resources */,
				F72638D8B24CD97E7F0A40C6 /* [CP] Embed Pods Frameworks */,
			);
			buildRules = (
			);
			dependencies = (
				D4F2EFD32516594B0099DCCA /* PBXTargetDependency */,
			);
			name = NextappTechTaskTests;
			productName = NextappTechTaskTests;
			productReference = D4F2EFD12516594B0099DCCA /* NextappTechTaskTests.xctest */;
			productType = "com.apple.product-type.bundle.unit-test";
		};
		D4F2EFDB2516594B0099DCCA /* NextappTechTaskUITests */ = {
			isa = PBXNativeTarget;
			buildConfigurationList = D4F2EFEB2516594B0099DCCA /* Build configuration list for PBXNativeTarget "NextappTechTaskUITests" */;
			buildPhases = (
				D4F2EFD82516594B0099DCCA /* Sources */,
				D4F2EFD92516594B0099DCCA /* Frameworks */,
				D4F2EFDA2516594B0099DCCA /* Resources */,
			);
			buildRules = (
			);
			dependencies = (
				D4F2EFDE2516594B0099DCCA /* PBXTargetDependency */,
			);
			name = NextappTechTaskUITests;
			productName = NextappTechTaskUITests;
			productReference = D4F2EFDC2516594B0099DCCA /* NextappTechTaskUITests.xctest */;
			productType = "com.apple.product-type.bundle.ui-testing";
		};
/* End PBXNativeTarget section */

/* Begin PBXProject section */
		D4F2EFB32516593F0099DCCA /* Project object */ = {
			isa = PBXProject;
			attributes = {
				LastSwiftUpdateCheck = 1200;
				LastUpgradeCheck = 1200;
				TargetAttributes = {
					D4F2EFBA251659400099DCCA = {
						CreatedOnToolsVersion = 12.0;
					};
					D4F2EFD02516594B0099DCCA = {
						CreatedOnToolsVersion = 12.0;
						TestTargetID = D4F2EFBA251659400099DCCA;
					};
					D4F2EFDB2516594B0099DCCA = {
						CreatedOnToolsVersion = 12.0;
						TestTargetID = D4F2EFBA251659400099DCCA;
					};
				};
			};
			buildConfigurationList = D4F2EFB62516593F0099DCCA /* Build configuration list for PBXProject "NextappTechTask" */;
			compatibilityVersion = "Xcode 9.3";
			developmentRegion = en;
			hasScannedForEncodings = 0;
			knownRegions = (
				en,
				Base,
			);
			mainGroup = D4F2EFB22516593F0099DCCA;
			productRefGroup = D4F2EFBC251659400099DCCA /* Products */;
			projectDirPath = "";
			projectRoot = "";
			targets = (
				D4F2EFBA251659400099DCCA /* NextappTechTask */,
				D4F2EFD02516594B0099DCCA /* NextappTechTaskTests */,
				D4F2EFDB2516594B0099DCCA /* NextappTechTaskUITests */,
			);
		};
/* End PBXProject section */

/* Begin PBXResourcesBuildPhase section */
		D4F2EFB9251659400099DCCA /* Resources */ = {
			isa = PBXResourcesBuildPhase;
			buildActionMask = 2147483647;
			files = (
				D4F2EFCB2516594A0099DCCA /* LaunchScreen.storyboard in Resources */,
				D445B93A25169228002EF638 /* FeedViewController.xib in Resources */,
				D4F2EFC82516594A0099DCCA /* Assets.xcassets in Resources */,
				D445B94125169240002EF638 /* PreviewViewController.xib in Resources */,
			);
			runOnlyForDeploymentPostprocessing = 0;
		};
		D4F2EFCF2516594B0099DCCA /* Resources */ = {
			isa = PBXResourcesBuildPhase;
			buildActionMask = 2147483647;
			files = (
			);
			runOnlyForDeploymentPostprocessing = 0;
		};
		D4F2EFDA2516594B0099DCCA /* Resources */ = {
			isa = PBXResourcesBuildPhase;
			buildActionMask = 2147483647;
			files = (
			);
			runOnlyForDeploymentPostprocessing = 0;
		};
/* End PBXResourcesBuildPhase section */

/* Begin PBXShellScriptBuildPhase section */
		471551ACB4733579405ACBB5 /* [CP] Check Pods Manifest.lock */ = {
			isa = PBXShellScriptBuildPhase;
			buildActionMask = 2147483647;
			files = (
			);
			inputFileListPaths = (
			);
			inputPaths = (
				"${PODS_PODFILE_DIR_PATH}/Podfile.lock",
				"${PODS_ROOT}/Manifest.lock",
			);
			name = "[CP] Check Pods Manifest.lock";
			outputFileListPaths = (
			);
			outputPaths = (
				"$(DERIVED_FILE_DIR)/Pods-NextappTechTaskTests-checkManifestLockResult.txt",
			);
			runOnlyForDeploymentPostprocessing = 0;
			shellPath = /bin/sh;
			shellScript = "diff \"${PODS_PODFILE_DIR_PATH}/Podfile.lock\" \"${PODS_ROOT}/Manifest.lock\" > /dev/null\nif [ $? != 0 ] ; then\n    # print error to STDERR\n    echo \"error: The sandbox is not in sync with the Podfile.lock. Run 'pod install' or update your CocoaPods installation.\" >&2\n    exit 1\nfi\n# This output is used by Xcode 'outputs' to avoid re-running this script phase.\necho \"SUCCESS\" > \"${SCRIPT_OUTPUT_FILE_0}\"\n";
			showEnvVarsInLog = 0;
		};
		89455699B00B7D4C314ADCB4 /* [CP] Embed Pods Frameworks */ = {
			isa = PBXShellScriptBuildPhase;
			buildActionMask = 2147483647;
			files = (
			);
			inputFileListPaths = (
				"${PODS_ROOT}/Target Support Files/Pods-NextappTechTask/Pods-NextappTechTask-frameworks-${CONFIGURATION}-input-files.xcfilelist",
			);
			name = "[CP] Embed Pods Frameworks";
			outputFileListPaths = (
				"${PODS_ROOT}/Target Support Files/Pods-NextappTechTask/Pods-NextappTechTask-frameworks-${CONFIGURATION}-output-files.xcfilelist",
			);
			runOnlyForDeploymentPostprocessing = 0;
			shellPath = /bin/sh;
			shellScript = "\"${PODS_ROOT}/Target Support Files/Pods-NextappTechTask/Pods-NextappTechTask-frameworks.sh\"\n";
			showEnvVarsInLog = 0;
		};
		DC6474A8DAB236E0502A3BBA /* [CP] Check Pods Manifest.lock */ = {
			isa = PBXShellScriptBuildPhase;
			buildActionMask = 2147483647;
			files = (
			);
			inputFileListPaths = (
			);
			inputPaths = (
				"${PODS_PODFILE_DIR_PATH}/Podfile.lock",
				"${PODS_ROOT}/Manifest.lock",
			);
			name = "[CP] Check Pods Manifest.lock";
			outputFileListPaths = (
			);
			outputPaths = (
				"$(DERIVED_FILE_DIR)/Pods-NextappTechTask-checkManifestLockResult.txt",
			);
			runOnlyForDeploymentPostprocessing = 0;
			shellPath = /bin/sh;
			shellScript = "diff \"${PODS_PODFILE_DIR_PATH}/Podfile.lock\" \"${PODS_ROOT}/Manifest.lock\" > /dev/null\nif [ $? != 0 ] ; then\n    # print error to STDERR\n    echo \"error: The sandbox is not in sync with the Podfile.lock. Run 'pod install' or update your CocoaPods installation.\" >&2\n    exit 1\nfi\n# This output is used by Xcode 'outputs' to avoid re-running this script phase.\necho \"SUCCESS\" > \"${SCRIPT_OUTPUT_FILE_0}\"\n";
			showEnvVarsInLog = 0;
		};
		F72638D8B24CD97E7F0A40C6 /* [CP] Embed Pods Frameworks */ = {
			isa = PBXShellScriptBuildPhase;
			buildActionMask = 2147483647;
			files = (
			);
			inputFileListPaths = (
				"${PODS_ROOT}/Target Support Files/Pods-NextappTechTaskTests/Pods-NextappTechTaskTests-frameworks-${CONFIGURATION}-input-files.xcfilelist",
			);
			name = "[CP] Embed Pods Frameworks";
			outputFileListPaths = (
				"${PODS_ROOT}/Target Support Files/Pods-NextappTechTaskTests/Pods-NextappTechTaskTests-frameworks-${CONFIGURATION}-output-files.xcfilelist",
			);
			runOnlyForDeploymentPostprocessing = 0;
			shellPath = /bin/sh;
			shellScript = "\"${PODS_ROOT}/Target Support Files/Pods-NextappTechTaskTests/Pods-NextappTechTaskTests-frameworks.sh\"\n";
			showEnvVarsInLog = 0;
		};
/* End PBXShellScriptBuildPhase section */

/* Begin PBXSourcesBuildPhase section */
		D4F2EFB7251659400099DCCA /* Sources */ = {
			isa = PBXSourcesBuildPhase;
			buildActionMask = 2147483647;
			files = (
				D445B9332516920E002EF638 /* FeedViewModel.swift in Sources */,
				D445B90B25169116002EF638 /* AppRouterOptions.swift in Sources */,
				D445B8CD25168627002EF638 /* HudStatus.swift in Sources */,
				D445B906251690F0002EF638 /* AppRouter+Show.swift in Sources */,
				D445B8912516828B002EF638 /* Resolver.swift in Sources */,
				D445B8C8251683F9002EF638 /* ApiProvider.swift in Sources */,
				D445B8E6251687BD002EF638 /* SDWebImage+Rx.swift in Sources */,
				D445B92E25169200002EF638 /* FeedRouter.swift in Sources */,
				D445B96225176AFB002EF638 /* FeedApi.swift in Sources */,
				D4F2EFBF251659400099DCCA /* AppDelegate.swift in Sources */,
				D445B8E125168796002EF638 /* ProgressHud+Rx.swift in Sources */,
				D445B93925169228002EF638 /* FeedViewController.swift in Sources */,
				D445B88B25168254002EF638 /* Navigator.swift in Sources */,
				D445B8D22516869E002EF638 /* ApiEvent+Rx.swift in Sources */,
				D4F2EFC1251659400099DCCA /* SceneDelegate.swift in Sources */,
				D445B8A525168307002EF638 /* NavigationController.swift in Sources */,
				D445B8FC251690B5002EF638 /* AppRouter.swift in Sources */,
				D445B924251691E8002EF638 /* FeedModuleAssembly.swift in Sources */,
				D445B88625168239002EF638 /* TransitionHandler.swift in Sources */,
				D445B8F62516908F002EF638 /* AppModule.swift in Sources */,
				D445B9462516924D002EF638 /* PreviewViewModel.swift in Sources */,
				D445B8AA25168322002EF638 /* ProgressHud.swift in Sources */,
				D445B929251691F4002EF638 /* FeedService.swift in Sources */,
				D445B8BE251683B1002EF638 /* ApiEndPoint.swift in Sources */,
				D445B8A0251682F0002EF638 /* BaseViewController.swift in Sources */,
				D445B8B425168376002EF638 /* Deseriazable.swift in Sources */,
				D445B8EB25169014002EF638 /* ReusableKit.swift in Sources */,
				D445B94025169240002EF638 /* PreviewViewController.swift in Sources */,
				D445B91C251691DD002EF638 /* FeedModule.swift in Sources */,
				D445B9102516912C002EF638 /* AppRouterAssembly.swift in Sources */,
				D445B8F02516904C002EF638 /* RootAssembler.swift in Sources */,
				D445B8AF2516835D002EF638 /* BaseApi.swift in Sources */,
				D445B8DC25168720002EF638 /* UIViewController+UI.swift in Sources */,
				D445B901251690D6002EF638 /* AppRouter+TransitionHandler.swift in Sources */,
				D445B896251682B6002EF638 /* Module.swift in Sources */,
				D445B89B251682CC002EF638 /* AppContainer.swift in Sources */,
				D445B8B925168392002EF638 /* ApiGateway.swift in Sources */,
				D445B95D2517695C002EF638 /* FeedEntity.swift in Sources */,
				D445B8D725168706002EF638 /* Rx.swift in Sources */,
				D445B94B25169E72002EF638 /* FeedViewAssembly.swift in Sources */,
				D445B8C3251683D5002EF638 /* ErrorEntity.swift in Sources */,
			);
			runOnlyForDeploymentPostprocessing = 0;
		};
		D4F2EFCD2516594B0099DCCA /* Sources */ = {
			isa = PBXSourcesBuildPhase;
			buildActionMask = 2147483647;
			files = (
				D4F2EFD62516594B0099DCCA /* NextappTechTaskTests.swift in Sources */,
			);
			runOnlyForDeploymentPostprocessing = 0;
		};
		D4F2EFD82516594B0099DCCA /* Sources */ = {
			isa = PBXSourcesBuildPhase;
			buildActionMask = 2147483647;
			files = (
				D4F2EFE12516594B0099DCCA /* NextappTechTaskUITests.swift in Sources */,
			);
			runOnlyForDeploymentPostprocessing = 0;
		};
/* End PBXSourcesBuildPhase section */

/* Begin PBXTargetDependency section */
		D4F2EFD32516594B0099DCCA /* PBXTargetDependency */ = {
			isa = PBXTargetDependency;
			target = D4F2EFBA251659400099DCCA /* NextappTechTask */;
			targetProxy = D4F2EFD22516594B0099DCCA /* PBXContainerItemProxy */;
		};
		D4F2EFDE2516594B0099DCCA /* PBXTargetDependency */ = {
			isa = PBXTargetDependency;
			target = D4F2EFBA251659400099DCCA /* NextappTechTask */;
			targetProxy = D4F2EFDD2516594B0099DCCA /* PBXContainerItemProxy */;
		};
/* End PBXTargetDependency section */

/* Begin PBXVariantGroup section */
		D4F2EFC92516594A0099DCCA /* LaunchScreen.storyboard */ = {
			isa = PBXVariantGroup;
			children = (
				D4F2EFCA2516594A0099DCCA /* Base */,
			);
			name = LaunchScreen.storyboard;
			sourceTree = "<group>";
		};
/* End PBXVariantGroup section */

/* Begin XCBuildConfiguration section */
		D4F2EFE32516594B0099DCCA /* Debug */ = {
			isa = XCBuildConfiguration;
			buildSettings = {
				ALWAYS_SEARCH_USER_PATHS = NO;
				CLANG_ANALYZER_NONNULL = YES;
				CLANG_ANALYZER_NUMBER_OBJECT_CONVERSION = YES_AGGRESSIVE;
				CLANG_CXX_LANGUAGE_STANDARD = "gnu++14";
				CLANG_CXX_LIBRARY = "libc++";
				CLANG_ENABLE_MODULES = YES;
				CLANG_ENABLE_OBJC_ARC = YES;
				CLANG_ENABLE_OBJC_WEAK = YES;
				CLANG_WARN_BLOCK_CAPTURE_AUTORELEASING = YES;
				CLANG_WARN_BOOL_CONVERSION = YES;
				CLANG_WARN_COMMA = YES;
				CLANG_WARN_CONSTANT_CONVERSION = YES;
				CLANG_WARN_DEPRECATED_OBJC_IMPLEMENTATIONS = YES;
				CLANG_WARN_DIRECT_OBJC_ISA_USAGE = YES_ERROR;
				CLANG_WARN_DOCUMENTATION_COMMENTS = YES;
				CLANG_WARN_EMPTY_BODY = YES;
				CLANG_WARN_ENUM_CONVERSION = YES;
				CLANG_WARN_INFINITE_RECURSION = YES;
				CLANG_WARN_INT_CONVERSION = YES;
				CLANG_WARN_NON_LITERAL_NULL_CONVERSION = YES;
				CLANG_WARN_OBJC_IMPLICIT_RETAIN_SELF = YES;
				CLANG_WARN_OBJC_LITERAL_CONVERSION = YES;
				CLANG_WARN_OBJC_ROOT_CLASS = YES_ERROR;
				CLANG_WARN_QUOTED_INCLUDE_IN_FRAMEWORK_HEADER = YES;
				CLANG_WARN_RANGE_LOOP_ANALYSIS = YES;
				CLANG_WARN_STRICT_PROTOTYPES = YES;
				CLANG_WARN_SUSPICIOUS_MOVE = YES;
				CLANG_WARN_UNGUARDED_AVAILABILITY = YES_AGGRESSIVE;
				CLANG_WARN_UNREACHABLE_CODE = YES;
				CLANG_WARN__DUPLICATE_METHOD_MATCH = YES;
				COPY_PHASE_STRIP = NO;
				DEBUG_INFORMATION_FORMAT = dwarf;
				ENABLE_STRICT_OBJC_MSGSEND = YES;
				ENABLE_TESTABILITY = YES;
				GCC_C_LANGUAGE_STANDARD = gnu11;
				GCC_DYNAMIC_NO_PIC = NO;
				GCC_NO_COMMON_BLOCKS = YES;
				GCC_OPTIMIZATION_LEVEL = 0;
				GCC_PREPROCESSOR_DEFINITIONS = (
					"DEBUG=1",
					"$(inherited)",
				);
				GCC_WARN_64_TO_32_BIT_CONVERSION = YES;
				GCC_WARN_ABOUT_RETURN_TYPE = YES_ERROR;
				GCC_WARN_UNDECLARED_SELECTOR = YES;
				GCC_WARN_UNINITIALIZED_AUTOS = YES_AGGRESSIVE;
				GCC_WARN_UNUSED_FUNCTION = YES;
				GCC_WARN_UNUSED_VARIABLE = YES;
				IPHONEOS_DEPLOYMENT_TARGET = 14.0;
				MTL_ENABLE_DEBUG_INFO = INCLUDE_SOURCE;
				MTL_FAST_MATH = YES;
				ONLY_ACTIVE_ARCH = YES;
				SDKROOT = iphoneos;
				SWIFT_ACTIVE_COMPILATION_CONDITIONS = DEBUG;
				SWIFT_OPTIMIZATION_LEVEL = "-Onone";
			};
			name = Debug;
		};
		D4F2EFE42516594B0099DCCA /* Release */ = {
			isa = XCBuildConfiguration;
			buildSettings = {
				ALWAYS_SEARCH_USER_PATHS = NO;
				CLANG_ANALYZER_NONNULL = YES;
				CLANG_ANALYZER_NUMBER_OBJECT_CONVERSION = YES_AGGRESSIVE;
				CLANG_CXX_LANGUAGE_STANDARD = "gnu++14";
				CLANG_CXX_LIBRARY = "libc++";
				CLANG_ENABLE_MODULES = YES;
				CLANG_ENABLE_OBJC_ARC = YES;
				CLANG_ENABLE_OBJC_WEAK = YES;
				CLANG_WARN_BLOCK_CAPTURE_AUTORELEASING = YES;
				CLANG_WARN_BOOL_CONVERSION = YES;
				CLANG_WARN_COMMA = YES;
				CLANG_WARN_CONSTANT_CONVERSION = YES;
				CLANG_WARN_DEPRECATED_OBJC_IMPLEMENTATIONS = YES;
				CLANG_WARN_DIRECT_OBJC_ISA_USAGE = YES_ERROR;
				CLANG_WARN_DOCUMENTATION_COMMENTS = YES;
				CLANG_WARN_EMPTY_BODY = YES;
				CLANG_WARN_ENUM_CONVERSION = YES;
				CLANG_WARN_INFINITE_RECURSION = YES;
				CLANG_WARN_INT_CONVERSION = YES;
				CLANG_WARN_NON_LITERAL_NULL_CONVERSION = YES;
				CLANG_WARN_OBJC_IMPLICIT_RETAIN_SELF = YES;
				CLANG_WARN_OBJC_LITERAL_CONVERSION = YES;
				CLANG_WARN_OBJC_ROOT_CLASS = YES_ERROR;
				CLANG_WARN_QUOTED_INCLUDE_IN_FRAMEWORK_HEADER = YES;
				CLANG_WARN_RANGE_LOOP_ANALYSIS = YES;
				CLANG_WARN_STRICT_PROTOTYPES = YES;
				CLANG_WARN_SUSPICIOUS_MOVE = YES;
				CLANG_WARN_UNGUARDED_AVAILABILITY = YES_AGGRESSIVE;
				CLANG_WARN_UNREACHABLE_CODE = YES;
				CLANG_WARN__DUPLICATE_METHOD_MATCH = YES;
				COPY_PHASE_STRIP = NO;
				DEBUG_INFORMATION_FORMAT = "dwarf-with-dsym";
				ENABLE_NS_ASSERTIONS = NO;
				ENABLE_STRICT_OBJC_MSGSEND = YES;
				GCC_C_LANGUAGE_STANDARD = gnu11;
				GCC_NO_COMMON_BLOCKS = YES;
				GCC_WARN_64_TO_32_BIT_CONVERSION = YES;
				GCC_WARN_ABOUT_RETURN_TYPE = YES_ERROR;
				GCC_WARN_UNDECLARED_SELECTOR = YES;
				GCC_WARN_UNINITIALIZED_AUTOS = YES_AGGRESSIVE;
				GCC_WARN_UNUSED_FUNCTION = YES;
				GCC_WARN_UNUSED_VARIABLE = YES;
				IPHONEOS_DEPLOYMENT_TARGET = 14.0;
				MTL_ENABLE_DEBUG_INFO = NO;
				MTL_FAST_MATH = YES;
				SDKROOT = iphoneos;
				SWIFT_COMPILATION_MODE = wholemodule;
				SWIFT_OPTIMIZATION_LEVEL = "-O";
				VALIDATE_PRODUCT = YES;
			};
			name = Release;
		};
		D4F2EFE62516594B0099DCCA /* Debug */ = {
			isa = XCBuildConfiguration;
			baseConfigurationReference = B83DD9A35351A18255E78A48 /* Pods-NextappTechTask.debug.xcconfig */;
			buildSettings = {
				ASSETCATALOG_COMPILER_APPICON_NAME = AppIcon;
				ASSETCATALOG_COMPILER_GLOBAL_ACCENT_COLOR_NAME = AccentColor;
				CODE_SIGN_STYLE = Automatic;
				DEVELOPMENT_TEAM = QXZ7LH92J7;
				INFOPLIST_FILE = "$(SRCROOT)/NextappTechTask/Resources/Info.plist";
				LD_RUNPATH_SEARCH_PATHS = (
					"$(inherited)",
					"@executable_path/Frameworks",
				);
				PRODUCT_BUNDLE_IDENTIFIER = ov.NextappTechTask;
				PRODUCT_NAME = "$(TARGET_NAME)";
				SWIFT_VERSION = 5.0;
				TARGETED_DEVICE_FAMILY = "1,2";
			};
			name = Debug;
		};
		D4F2EFE72516594B0099DCCA /* Release */ = {
			isa = XCBuildConfiguration;
			baseConfigurationReference = DC85B83044D8410DD23ADDF2 /* Pods-NextappTechTask.release.xcconfig */;
			buildSettings = {
				ASSETCATALOG_COMPILER_APPICON_NAME = AppIcon;
				ASSETCATALOG_COMPILER_GLOBAL_ACCENT_COLOR_NAME = AccentColor;
				CODE_SIGN_STYLE = Automatic;
				DEVELOPMENT_TEAM = QXZ7LH92J7;
				INFOPLIST_FILE = "$(SRCROOT)/NextappTechTask/Resources/Info.plist";
				LD_RUNPATH_SEARCH_PATHS = (
					"$(inherited)",
					"@executable_path/Frameworks",
				);
				PRODUCT_BUNDLE_IDENTIFIER = ov.NextappTechTask;
				PRODUCT_NAME = "$(TARGET_NAME)";
				SWIFT_VERSION = 5.0;
				TARGETED_DEVICE_FAMILY = "1,2";
			};
			name = Release;
		};
		D4F2EFE92516594B0099DCCA /* Debug */ = {
			isa = XCBuildConfiguration;
			baseConfigurationReference = 662749FFEF599FAC96CCCB74 /* Pods-NextappTechTaskTests.debug.xcconfig */;
			buildSettings = {
				ALWAYS_EMBED_SWIFT_STANDARD_LIBRARIES = YES;
				BUNDLE_LOADER = "$(TEST_HOST)";
				CODE_SIGN_STYLE = Automatic;
				DEVELOPMENT_TEAM = QXZ7LH92J7;
				INFOPLIST_FILE = NextappTechTaskTests/Info.plist;
				IPHONEOS_DEPLOYMENT_TARGET = 14.0;
				LD_RUNPATH_SEARCH_PATHS = (
					"$(inherited)",
					"@executable_path/Frameworks",
					"@loader_path/Frameworks",
				);
				PRODUCT_BUNDLE_IDENTIFIER = ov.NextappTechTaskTests;
				PRODUCT_NAME = "$(TARGET_NAME)";
				SWIFT_VERSION = 5.0;
				TARGETED_DEVICE_FAMILY = "1,2";
				TEST_HOST = "$(BUILT_PRODUCTS_DIR)/NextappTechTask.app/NextappTechTask";
			};
			name = Debug;
		};
		D4F2EFEA2516594B0099DCCA /* Release */ = {
			isa = XCBuildConfiguration;
			baseConfigurationReference = DEE23D5BF5EEA4B48256CD50 /* Pods-NextappTechTaskTests.release.xcconfig */;
			buildSettings = {
				ALWAYS_EMBED_SWIFT_STANDARD_LIBRARIES = YES;
				BUNDLE_LOADER = "$(TEST_HOST)";
				CODE_SIGN_STYLE = Automatic;
				DEVELOPMENT_TEAM = QXZ7LH92J7;
				INFOPLIST_FILE = NextappTechTaskTests/Info.plist;
				IPHONEOS_DEPLOYMENT_TARGET = 14.0;
				LD_RUNPATH_SEARCH_PATHS = (
					"$(inherited)",
					"@executable_path/Frameworks",
					"@loader_path/Frameworks",
				);
				PRODUCT_BUNDLE_IDENTIFIER = ov.NextappTechTaskTests;
				PRODUCT_NAME = "$(TARGET_NAME)";
				SWIFT_VERSION = 5.0;
				TARGETED_DEVICE_FAMILY = "1,2";
				TEST_HOST = "$(BUILT_PRODUCTS_DIR)/NextappTechTask.app/NextappTechTask";
			};
			name = Release;
		};
		D4F2EFEC2516594B0099DCCA /* Debug */ = {
			isa = XCBuildConfiguration;
			buildSettings = {
				ALWAYS_EMBED_SWIFT_STANDARD_LIBRARIES = YES;
				CODE_SIGN_STYLE = Automatic;
				DEVELOPMENT_TEAM = QXZ7LH92J7;
				INFOPLIST_FILE = NextappTechTaskUITests/Info.plist;
				LD_RUNPATH_SEARCH_PATHS = (
					"$(inherited)",
					"@executable_path/Frameworks",
					"@loader_path/Frameworks",
				);
				PRODUCT_BUNDLE_IDENTIFIER = ov.NextappTechTaskUITests;
				PRODUCT_NAME = "$(TARGET_NAME)";
				SWIFT_VERSION = 5.0;
				TARGETED_DEVICE_FAMILY = "1,2";
				TEST_TARGET_NAME = NextappTechTask;
			};
			name = Debug;
		};
		D4F2EFED2516594B0099DCCA /* Release */ = {
			isa = XCBuildConfiguration;
			buildSettings = {
				ALWAYS_EMBED_SWIFT_STANDARD_LIBRARIES = YES;
				CODE_SIGN_STYLE = Automatic;
				DEVELOPMENT_TEAM = QXZ7LH92J7;
				INFOPLIST_FILE = NextappTechTaskUITests/Info.plist;
				LD_RUNPATH_SEARCH_PATHS = (
					"$(inherited)",
					"@executable_path/Frameworks",
					"@loader_path/Frameworks",
				);
				PRODUCT_BUNDLE_IDENTIFIER = ov.NextappTechTaskUITests;
				PRODUCT_NAME = "$(TARGET_NAME)";
				SWIFT_VERSION = 5.0;
				TARGETED_DEVICE_FAMILY = "1,2";
				TEST_TARGET_NAME = NextappTechTask;
			};
			name = Release;
		};
/* End XCBuildConfiguration section */

/* Begin XCConfigurationList section */
		D4F2EFB62516593F0099DCCA /* Build configuration list for PBXProject "NextappTechTask" */ = {
			isa = XCConfigurationList;
			buildConfigurations = (
				D4F2EFE32516594B0099DCCA /* Debug */,
				D4F2EFE42516594B0099DCCA /* Release */,
			);
			defaultConfigurationIsVisible = 0;
			defaultConfigurationName = Release;
		};
		D4F2EFE52516594B0099DCCA /* Build configuration list for PBXNativeTarget "NextappTechTask" */ = {
			isa = XCConfigurationList;
			buildConfigurations = (
				D4F2EFE62516594B0099DCCA /* Debug */,
				D4F2EFE72516594B0099DCCA /* Release */,
			);
			defaultConfigurationIsVisible = 0;
			defaultConfigurationName = Release;
		};
		D4F2EFE82516594B0099DCCA /* Build configuration list for PBXNativeTarget "NextappTechTaskTests" */ = {
			isa = XCConfigurationList;
			buildConfigurations = (
				D4F2EFE92516594B0099DCCA /* Debug */,
				D4F2EFEA2516594B0099DCCA /* Release */,
			);
			defaultConfigurationIsVisible = 0;
			defaultConfigurationName = Release;
		};
		D4F2EFEB2516594B0099DCCA /* Build configuration list for PBXNativeTarget "NextappTechTaskUITests" */ = {
			isa = XCConfigurationList;
			buildConfigurations = (
				D4F2EFEC2516594B0099DCCA /* Debug */,
				D4F2EFED2516594B0099DCCA /* Release */,
			);
			defaultConfigurationIsVisible = 0;
			defaultConfigurationName = Release;
		};
/* End XCConfigurationList section */
	};
	rootObject = D4F2EFB32516593F0099DCCA /* Project object */;
}
